
Microsoft Visual Studio Solution File, Format Version 12.00
# Visual Studio Version 16
VisualStudioVersion = 16.0.31515.178
MinimumVisualStudioVersion = 10.0.40219.1
Project("{9A19103F-16F7-4668-BE54-9A1E7A4F7556}") = "MultiThreads", "MultiThreads\MultiThreads.csproj", "{E80AC001-1C6F-40DA-89B7-84F84B16F5E4}"
EndProject
Project("{2150E333-8FDC-42A3-9474-1A3956D46DE8}") = "Solution Items", "Solution Items", "{89CB77BE-5624-4B1E-A867-73FAA3E8E53D}"
	ProjectSection(SolutionItems) = preProject
		ReadMe.txt = ReadMe.txt
	EndProjectSection
EndProject
Global
	GlobalSection(SolutionConfigurationPlatforms) = preSolution
		Debug|Any CPU = Debug|Any CPU
		Release|Any CPU = Release|Any CPU
	EndGlobalSection
	GlobalSection(ProjectConfigurationPlatforms) = postSolution
		{E80AC001-1C6F-40DA-89B7-84F84B16F5E4}.Debug|Any CPU.ActiveCfg = Debug|Any CPU
		{E80AC001-1C6F-40DA-89B7-84F84B16F5E4}.Debug|Any CPU.Build.0 = Debug|Any CPU
		{E80AC001-1C6F-40DA-89B7-84F84B16F5E4}.Release|Any CPU.ActiveCfg = Release|Any CPU
		{E80AC001-1C6F-40DA-89B7-84F84B16F5E4}.Release|Any CPU.Build.0 = Release|Any CPU
	EndGlobalSection
	GlobalSection(SolutionProperties) = preSolution
		HideSolutionNode = FALSE
	EndGlobalSection
	GlobalSection(ExtensibilityGlobals) = postSolution
		SolutionGuid = {0B96DA8F-41CA-437D-A53D-9191C4413162}
	EndGlobalSection
EndGlobal
